# THIS IS AN AUTOGENERATED FILE. DO NOT EDIT THIS FILE DIRECTLY.
# yarn lockfile v1


qrcode-generator@^1.4.4:
  version "1.5.2"
  resolved "https://registry.yarnpkg.com/qrcode-generator/-/qrcode-generator-1.5.2.tgz#43faea8061a60d2b4ca5e9b0c0c0fb99e2d93e3a"
  integrity sha512-pItrW0Z9HnDBnFmgiNrY1uxRdri32Uh9EjNYLPVC2zZ3ZRIIEqBoDgm4DkvDwNNDHTK7FNkmr8zAa77BYc9xNw==

qrcode-vue3@^1.7.1:
  version "1.7.1"
  resolved "https://registry.yarnpkg.com/qrcode-vue3/-/qrcode-vue3-1.7.1.tgz#d2cf627f9ffefd48d7ffb1dc0402a831781890df"
  integrity sha512-Xa82NslFJUqsnQbLtc1qO+xPEOeFaTRxktg3ugRd2Pk116kta1X+7GLSEPQj9gor8jWVyfmLmhYZHuANnRZoLQ==
  dependencies:
    qrcode-generator "^1.4.4"
